
Microsoft Visual Studio Solution File, Format Version 12.00
# Visual Studio Version 16
VisualStudioVersion = 16.0.34114.132
MinimumVisualStudioVersion = 10.0.40219.1
Project("{FAE04EC0-301F-11D3-BF4B-00C04F79EFBC}") = "CSharpCallCppDLL", "CSharpCallCppDLL\CSharpCallCppDLL.csproj", "{F5EC12C7-A938-4939-B53D-81437DBF3785}"
EndProject
Global
	GlobalSection(SolutionConfigurationPlatforms) = preSolution
		Debug|Any CPU = Debug|Any CPU
		Release|Any CPU = Release|Any CPU
	EndGlobalSection
	GlobalSection(ProjectConfigurationPlatforms) = postSolution
		{F5EC12C7-A938-4939-B53D-81437DBF3785}.Debug|Any CPU.ActiveCfg = Debug|Any CPU
		{F5EC12C7-A938-4939-B53D-81437DBF3785}.Debug|Any CPU.Build.0 = Debug|Any CPU
		{F5EC12C7-A938-4939-B53D-81437DBF3785}.Release|Any CPU.ActiveCfg = Release|Any CPU
		{F5EC12C7-A938-4939-B53D-81437DBF3785}.Release|Any CPU.Build.0 = Release|Any CPU
	EndGlobalSection
	GlobalSection(SolutionProperties) = preSolution
		HideSolutionNode = FALSE
	EndGlobalSection
	GlobalSection(ExtensibilityGlobals) = postSolution
		SolutionGuid = {3C4EDC7E-354E-4492-AD06-DBF3502F239F}
	EndGlobalSection
EndGlobal
